
Microsoft Visual Studio Solution File, Format Version 12.00
# Visual Studio Version 16
VisualStudioVersion = 16.0.32106.194
MinimumVisualStudioVersion = 10.0.40219.1
Project("{FAE04EC0-301F-11D3-BF4B-00C04F79EFBC}") = "EntityFrameworkDemo", "EntityFrameworkDemo\EntityFrameworkDemo.csproj", "{A43D194B-3DEE-4880-9A35-5B1EFB42E46F}"
EndProject
Global
	GlobalSection(SolutionConfigurationPlatforms) = preSolution
		Debug|Any CPU = Debug|Any CPU
		Release|Any CPU = Release|Any CPU
	EndGlobalSection
	GlobalSection(ProjectConfigurationPlatforms) = postSolution
		{A43D194B-3DEE-4880-9A35-5B1EFB42E46F}.Debug|Any CPU.ActiveCfg = Debug|Any CPU
		{A43D194B-3DEE-4880-9A35-5B1EFB42E46F}.Debug|Any CPU.Build.0 = Debug|Any CPU
		{A43D194B-3DEE-4880-9A35-5B1EFB42E46F}.Release|Any CPU.ActiveCfg = Release|Any CPU
		{A43D194B-3DEE-4880-9A35-5B1EFB42E46F}.Release|Any CPU.Build.0 = Release|Any CPU
	EndGlobalSection
	GlobalSection(SolutionProperties) = preSolution
		HideSolutionNode = FALSE
	EndGlobalSection
	GlobalSection(ExtensibilityGlobals) = postSolution
		SolutionGuid = {AD45A0CA-EB8C-45E5-B925-104D1FB72FAE}
	EndGlobalSection
EndGlobal
